
Microsoft Visual Studio Solution File, Format Version 12.00
# Visual Studio Version 16
VisualStudioVersion = 16.0.31911.196
MinimumVisualStudioVersion = 10.0.40219.1
Project("{FAE04EC0-301F-11D3-BF4B-00C04F79EFBC}") = "DemoASPapp", "DemoASPapp\DemoASPapp.csproj", "{325B5A0D-B5A0-410D-944C-D46236BBE587}"
EndProject
Global
	GlobalSection(SolutionConfigurationPlatforms) = preSolution
		Debug|Any CPU = Debug|Any CPU
		Release|Any CPU = Release|Any CPU
	EndGlobalSection
	GlobalSection(ProjectConfigurationPlatforms) = postSolution
		{325B5A0D-B5A0-410D-944C-D46236BBE587}.Debug|Any CPU.ActiveCfg = Debug|Any CPU
		{325B5A0D-B5A0-410D-944C-D46236BBE587}.Debug|Any CPU.Build.0 = Debug|Any CPU
		{325B5A0D-B5A0-410D-944C-D46236BBE587}.Release|Any CPU.ActiveCfg = Release|Any CPU
		{325B5A0D-B5A0-410D-944C-D46236BBE587}.Release|Any CPU.Build.0 = Release|Any CPU
	EndGlobalSection
	GlobalSection(SolutionProperties) = preSolution
		HideSolutionNode = FALSE
	EndGlobalSection
	GlobalSection(ExtensibilityGlobals) = postSolution
		SolutionGuid = {8DAB202E-28AD-4F1A-A86C-6CF5FECA224E}
	EndGlobalSection
EndGlobal
